
Microsoft Visual Studio Solution File, Format Version 12.00
# Visual Studio Version 16
VisualStudioVersion = 16.0.30717.126
MinimumVisualStudioVersion = 10.0.40219.1
Project("{FAE04EC0-301F-11D3-BF4B-00C04F79EFBC}") = "WPFW-week15", "WPFW-week15\WPFW-week15.csproj", "{8FE41D4D-64FC-42A1-AAED-4C72333EADB6}"
EndProject
Global
	GlobalSection(SolutionConfigurationPlatforms) = preSolution
		Debug|Any CPU = Debug|Any CPU
		Release|Any CPU = Release|Any CPU
	EndGlobalSection
	GlobalSection(ProjectConfigurationPlatforms) = postSolution
		{8FE41D4D-64FC-42A1-AAED-4C72333EADB6}.Debug|Any CPU.ActiveCfg = Debug|Any CPU
		{8FE41D4D-64FC-42A1-AAED-4C72333EADB6}.Debug|Any CPU.Build.0 = Debug|Any CPU
		{8FE41D4D-64FC-42A1-AAED-4C72333EADB6}.Release|Any CPU.ActiveCfg = Release|Any CPU
		{8FE41D4D-64FC-42A1-AAED-4C72333EADB6}.Release|Any CPU.Build.0 = Release|Any CPU
	EndGlobalSection
	GlobalSection(SolutionProperties) = preSolution
		HideSolutionNode = FALSE
	EndGlobalSection
	GlobalSection(ExtensibilityGlobals) = postSolution
		SolutionGuid = {06E155BB-E351-41DF-A804-4E94D689E4BD}
	EndGlobalSection
EndGlobal
